// !$*UTF8*$!
{
	archiveVersion = 1;
	classes = {
	};
	objectVersion = 46;
	objects = {

/* Begin PBXBuildFile section */
		0C5201C8FC7F3899C252F06A /* Pods_Makestagram.framework in Frameworks */ = {isa = PBXBuildFile; fileRef = 61562DC9B16B5F1F383D3F04 /* Pods_Makestagram.framework */; };
		FB6FEBF31EFDA1B100DA359C /* GoogleService-Info.plist in Resources */ = {isa = PBXBuildFile; fileRef = FB6FEBF21EFDA1B100DA359C /* GoogleService-Info.plist */; };
		FB6FEBF61EFDD9FD00DA359C /* Login.storyboard in Resources */ = {isa = PBXBuildFile; fileRef = FB6FEBF51EFDD9FD00DA359C /* Login.storyboard */; };
		FB6FEBFE1F00450B00DA359C /* LoginViewController.swift in Sources */ = {isa = PBXBuildFile; fileRef = FB6FEBFD1F00450B00DA359C /* LoginViewController.swift */; };
		FB6FEC001F00BD3800DA359C /* User.swift in Sources */ = {isa = PBXBuildFile; fileRef = FB6FEBFF1F00BD3800DA359C /* User.swift */; };
		FB6FEC031F01667900DA359C /* CreateUsernameViewController.swift in Sources */ = {isa = PBXBuildFile; fileRef = FB6FEC021F01667900DA359C /* CreateUsernameViewController.swift */; };
		FB6FEC051F01837500DA359C /* UserService.swift in Sources */ = {isa = PBXBuildFile; fileRef = FB6FEC041F01837500DA359C /* UserService.swift */; };
		FB6FEC081F01AB2000DA359C /* Constants.swift in Sources */ = {isa = PBXBuildFile; fileRef = FB6FEC071F01AB2000DA359C /* Constants.swift */; };
		FB6FEC0A1F01B59300DA359C /* Storyboard+Utility.swift in Sources */ = {isa = PBXBuildFile; fileRef = FB6FEC091F01B59300DA359C /* Storyboard+Utility.swift */; };
		FB6FEC0D1F01C49D00DA359C /* HomeViewController.swift in Sources */ = {isa = PBXBuildFile; fileRef = FB6FEC0C1F01C49D00DA359C /* HomeViewController.swift */; };
		FB6FEC0F1F01C4AE00DA359C /* FindFriendsViewController.swift in Sources */ = {isa = PBXBuildFile; fileRef = FB6FEC0E1F01C4AE00DA359C /* FindFriendsViewController.swift */; };
		FB6FEC111F01D34F00DA359C /* MainTabBarController.swift in Sources */ = {isa = PBXBuildFile; fileRef = FB6FEC101F01D34F00DA359C /* MainTabBarController.swift */; };
		FB6FEC161F02410200DA359C /* MGPhotoHelper.swift in Sources */ = {isa = PBXBuildFile; fileRef = FB6FEC151F02410200DA359C /* MGPhotoHelper.swift */; };
		FB6FEC181F02BE9300DA359C /* StorageService.swift in Sources */ = {isa = PBXBuildFile; fileRef = FB6FEC171F02BE9300DA359C /* StorageService.swift */; };
		FB6FEC381F02D27200DA359C /* PostService.swift in Sources */ = {isa = PBXBuildFile; fileRef = FB6FEC371F02D27200DA359C /* PostService.swift */; };
		FB6FEC3A1F02DA2100DA359C /* Post.swift in Sources */ = {isa = PBXBuildFile; fileRef = FB6FEC391F02DA2100DA359C /* Post.swift */; };
		FB6FEC3C1F02E08400DA359C /* UIImage+Size.swift in Sources */ = {isa = PBXBuildFile; fileRef = FB6FEC3B1F02E08400DA359C /* UIImage+Size.swift */; };
		FB6FEC3E1F02E34400DA359C /* StorageReference+Post.swift in Sources */ = {isa = PBXBuildFile; fileRef = FB6FEC3D1F02E34400DA359C /* StorageReference+Post.swift */; };
		FB6FEC411F02F69400DA359C /* Home.storyboard in Resources */ = {isa = PBXBuildFile; fileRef = FB6FEC3F1F02F69400DA359C /* Home.storyboard */; };
		FB6FEC431F0321CD00DA359C /* PostImageCell.swift in Sources */ = {isa = PBXBuildFile; fileRef = FB6FEC421F0321CD00DA359C /* PostImageCell.swift */; };
		FBF628621EFD98040010DCBC /* AppDelegate.swift in Sources */ = {isa = PBXBuildFile; fileRef = FBF628611EFD98040010DCBC /* AppDelegate.swift */; };
		FBF628671EFD98040010DCBC /* Main.storyboard in Resources */ = {isa = PBXBuildFile; fileRef = FBF628651EFD98040010DCBC /* Main.storyboard */; };
		FBF628691EFD98040010DCBC /* Assets.xcassets in Resources */ = {isa = PBXBuildFile; fileRef = FBF628681EFD98040010DCBC /* Assets.xcassets */; };
		FBF6286C1EFD98040010DCBC /* LaunchScreen.storyboard in Resources */ = {isa = PBXBuildFile; fileRef = FBF6286A1EFD98040010DCBC /* LaunchScreen.storyboard */; };
/* End PBXBuildFile section */

/* Begin PBXFileReference section */
		61562DC9B16B5F1F383D3F04 /* Pods_Makestagram.framework */ = {isa = PBXFileReference; explicitFileType = wrapper.framework; includeInIndex = 0; path = Pods_Makestagram.framework; sourceTree = BUILT_PRODUCTS_DIR; };
		9D8CD6DE65E9A86DA7CEFC53 /* Pods-Makestagram.debug.xcconfig */ = {isa = PBXFileReference; includeInIndex = 1; lastKnownFileType = text.xcconfig; name = "Pods-Makestagram.debug.xcconfig"; path = "Pods/Target Support Files/Pods-Makestagram/Pods-Makestagram.debug.xcconfig"; sourceTree = "<group>"; };
		EF79C6640382B59545D7499D /* Pods-Makestagram.release.xcconfig */ = {isa = PBXFileReference; includeInIndex = 1; lastKnownFileType = text.xcconfig; name = "Pods-Makestagram.release.xcconfig"; path = "Pods/Target Support Files/Pods-Makestagram/Pods-Makestagram.release.xcconfig"; sourceTree = "<group>"; };
		FB6FEBF21EFDA1B100DA359C /* GoogleService-Info.plist */ = {isa = PBXFileReference; fileEncoding = 4; lastKnownFileType = text.plist.xml; path = "GoogleService-Info.plist"; sourceTree = "<group>"; };
		FB6FEBF51EFDD9FD00DA359C /* Login.storyboard */ = {isa = PBXFileReference; fileEncoding = 4; lastKnownFileType = file.storyboard; path = Login.storyboard; sourceTree = "<group>"; };
		FB6FEBFD1F00450B00DA359C /* LoginViewController.swift */ = {isa = PBXFileReference; fileEncoding = 4; lastKnownFileType = sourcecode.swift; path = LoginViewController.swift; sourceTree = "<group>"; };
		FB6FEBFF1F00BD3800DA359C /* User.swift */ = {isa = PBXFileReference; fileEncoding = 4; lastKnownFileType = sourcecode.swift; path = User.swift; sourceTree = "<group>"; };
		FB6FEC021F01667900DA359C /* CreateUsernameViewController.swift */ = {isa = PBXFileReference; fileEncoding = 4; lastKnownFileType = sourcecode.swift; path = CreateUsernameViewController.swift; sourceTree = "<group>"; };
		FB6FEC041F01837500DA359C /* UserService.swift */ = {isa = PBXFileReference; fileEncoding = 4; lastKnownFileType = sourcecode.swift; path = UserService.swift; sourceTree = "<group>"; };
		FB6FEC071F01AB2000DA359C /* Constants.swift */ = {isa = PBXFileReference; fileEncoding = 4; lastKnownFileType = sourcecode.swift; path = Constants.swift; sourceTree = "<group>"; };
		FB6FEC091F01B59300DA359C /* Storyboard+Utility.swift */ = {isa = PBXFileReference; fileEncoding = 4; lastKnownFileType = sourcecode.swift; path = "Storyboard+Utility.swift"; sourceTree = "<group>"; };
		FB6FEC0C1F01C49D00DA359C /* HomeViewController.swift */ = {isa = PBXFileReference; fileEncoding = 4; lastKnownFileType = sourcecode.swift; path = HomeViewController.swift; sourceTree = "<group>"; };
		FB6FEC0E1F01C4AE00DA359C /* FindFriendsViewController.swift */ = {isa = PBXFileReference; fileEncoding = 4; lastKnownFileType = sourcecode.swift; path = FindFriendsViewController.swift; sourceTree = "<group>"; };
		FB6FEC101F01D34F00DA359C /* MainTabBarController.swift */ = {isa = PBXFileReference; fileEncoding = 4; lastKnownFileType = sourcecode.swift; path = MainTabBarController.swift; sourceTree = "<group>"; };
		FB6FEC151F02410200DA359C /* MGPhotoHelper.swift */ = {isa = PBXFileReference; fileEncoding = 4; lastKnownFileType = sourcecode.swift; path = MGPhotoHelper.swift; sourceTree = "<group>"; };
		FB6FEC171F02BE9300DA359C /* StorageService.swift */ = {isa = PBXFileReference; fileEncoding = 4; lastKnownFileType = sourcecode.swift; path = StorageService.swift; sourceTree = "<group>"; };
		FB6FEC371F02D27200DA359C /* PostService.swift */ = {isa = PBXFileReference; fileEncoding = 4; lastKnownFileType = sourcecode.swift; path = PostService.swift; sourceTree = "<group>"; };
		FB6FEC391F02DA2100DA359C /* Post.swift */ = {isa = PBXFileReference; fileEncoding = 4; lastKnownFileType = sourcecode.swift; path = Post.swift; sourceTree = "<group>"; };
		FB6FEC3B1F02E08400DA359C /* UIImage+Size.swift */ = {isa = PBXFileReference; fileEncoding = 4; lastKnownFileType = sourcecode.swift; path = "UIImage+Size.swift"; sourceTree = "<group>"; };
		FB6FEC3D1F02E34400DA359C /* StorageReference+Post.swift */ = {isa = PBXFileReference; fileEncoding = 4; lastKnownFileType = sourcecode.swift; path = "StorageReference+Post.swift"; sourceTree = "<group>"; };
		FB6FEC401F02F69400DA359C /* Base */ = {isa = PBXFileReference; lastKnownFileType = file.storyboard; name = Base; path = Base.lproj/Home.storyboard; sourceTree = "<group>"; };
		FB6FEC421F0321CD00DA359C /* PostImageCell.swift */ = {isa = PBXFileReference; fileEncoding = 4; lastKnownFileType = sourcecode.swift; path = PostImageCell.swift; sourceTree = "<group>"; };
		FBF6285E1EFD98040010DCBC /* Makestagram.app */ = {isa = PBXFileReference; explicitFileType = wrapper.application; includeInIndex = 0; path = Makestagram.app; sourceTree = BUILT_PRODUCTS_DIR; };
		FBF628611EFD98040010DCBC /* AppDelegate.swift */ = {isa = PBXFileReference; lastKnownFileType = sourcecode.swift; path = AppDelegate.swift; sourceTree = "<group>"; };
		FBF628661EFD98040010DCBC /* Base */ = {isa = PBXFileReference; lastKnownFileType = file.storyboard; name = Base; path = Base.lproj/Main.storyboard; sourceTree = "<group>"; };
		FBF628681EFD98040010DCBC /* Assets.xcassets */ = {isa = PBXFileReference; lastKnownFileType = folder.assetcatalog; path = Assets.xcassets; sourceTree = "<group>"; };
		FBF6286B1EFD98040010DCBC /* Base */ = {isa = PBXFileReference; lastKnownFileType = file.storyboard; name = Base; path = Base.lproj/LaunchScreen.storyboard; sourceTree = "<group>"; };
		FBF6286D1EFD98040010DCBC /* Info.plist */ = {isa = PBXFileReference; lastKnownFileType = text.plist.xml; path = Info.plist; sourceTree = "<group>"; };
/* End PBXFileReference section */

/* Begin PBXFrameworksBuildPhase section */
		FBF6285B1EFD98040010DCBC /* Frameworks */ = {
			isa = PBXFrameworksBuildPhase;
			buildActionMask = 2147483647;
			files = (
				0C5201C8FC7F3899C252F06A /* Pods_Makestagram.framework in Frameworks */,
			);
			runOnlyForDeploymentPostprocessing = 0;
		};
/* End PBXFrameworksBuildPhase section */

/* Begin PBXGroup section */
		7563A2C8A4B5071D4646B2FE /* Pods */ = {
			isa = PBXGroup;
			children = (
				9D8CD6DE65E9A86DA7CEFC53 /* Pods-Makestagram.debug.xcconfig */,
				EF79C6640382B59545D7499D /* Pods-Makestagram.release.xcconfig */,
			);
			name = Pods;
			sourceTree = "<group>";
		};
		CADD59257E83151DB0F73AF3 /* Frameworks */ = {
			isa = PBXGroup;
			children = (
				61562DC9B16B5F1F383D3F04 /* Pods_Makestagram.framework */,
			);
			name = Frameworks;
			sourceTree = "<group>";
		};
		FB6FEBF01EFD9FDB00DA359C /* View Controllers */ = {
			isa = PBXGroup;
			children = (
				FB6FEBFD1F00450B00DA359C /* LoginViewController.swift */,
				FB6FEC021F01667900DA359C /* CreateUsernameViewController.swift */,
				FB6FEC0C1F01C49D00DA359C /* HomeViewController.swift */,
				FB6FEC0E1F01C4AE00DA359C /* FindFriendsViewController.swift */,
				FB6FEC101F01D34F00DA359C /* MainTabBarController.swift */,
			);
			name = "View Controllers";
			sourceTree = "<group>";
		};
		FB6FEBF11EFD9FE800DA359C /* Storyboards */ = {
			isa = PBXGroup;
			children = (
				FBF628651EFD98040010DCBC /* Main.storyboard */,
				FB6FEC3F1F02F69400DA359C /* Home.storyboard */,
				FB6FEBF51EFDD9FD00DA359C /* Login.storyboard */,
			);
			name = Storyboards;
			sourceTree = "<group>";
		};
		FB6FEBF41EFDA1C100DA359C /* Supporting Files */ = {
			isa = PBXGroup;
			children = (
				FBF6286A1EFD98040010DCBC /* LaunchScreen.storyboard */,
				FB6FEBF21EFDA1B100DA359C /* GoogleService-Info.plist */,
				FBF6286D1EFD98040010DCBC /* Info.plist */,
				FB6FEC071F01AB2000DA359C /* Constants.swift */,
			);
			name = "Supporting Files";
			sourceTree = "<group>";
		};
		FB6FEC011F00BD3E00DA359C /* Models */ = {
			isa = PBXGroup;
			children = (
				FB6FEBFF1F00BD3800DA359C /* User.swift */,
				FB6FEC391F02DA2100DA359C /* Post.swift */,
			);
			name = Models;
			sourceTree = "<group>";
		};
		FB6FEC061F01846500DA359C /* Services */ = {
			isa = PBXGroup;
			children = (
				FB6FEC041F01837500DA359C /* UserService.swift */,
				FB6FEC171F02BE9300DA359C /* StorageService.swift */,
				FB6FEC371F02D27200DA359C /* PostService.swift */,
			);
			name = Services;
			sourceTree = "<group>";
		};
		FB6FEC0B1F01B59D00DA359C /* Extensions */ = {
			isa = PBXGroup;
			children = (
				FB6FEC091F01B59300DA359C /* Storyboard+Utility.swift */,
				FB6FEC3B1F02E08400DA359C /* UIImage+Size.swift */,
				FB6FEC3D1F02E34400DA359C /* StorageReference+Post.swift */,
			);
			name = Extensions;
			sourceTree = "<group>";
		};
		FB6FEC141F02405000DA359C /* Helpers */ = {
			isa = PBXGroup;
			children = (
				FB6FEC151F02410200DA359C /* MGPhotoHelper.swift */,
			);
			name = Helpers;
			sourceTree = "<group>";
		};
		FB6FEC441F0321D500DA359C /* Views */ = {
			isa = PBXGroup;
			children = (
				FB6FEC421F0321CD00DA359C /* PostImageCell.swift */,
			);
			name = Views;
			sourceTree = "<group>";
		};
		FBF628551EFD98040010DCBC = {
			isa = PBXGroup;
			children = (
				FBF628601EFD98040010DCBC /* Makestagram */,
				FBF6285F1EFD98040010DCBC /* Products */,
				7563A2C8A4B5071D4646B2FE /* Pods */,
				CADD59257E83151DB0F73AF3 /* Frameworks */,
			);
			sourceTree = "<group>";
		};
		FBF6285F1EFD98040010DCBC /* Products */ = {
			isa = PBXGroup;
			children = (
				FBF6285E1EFD98040010DCBC /* Makestagram.app */,
			);
			name = Products;
			sourceTree = "<group>";
		};
		FBF628601EFD98040010DCBC /* Makestagram */ = {
			isa = PBXGroup;
			children = (
				FBF628611EFD98040010DCBC /* AppDelegate.swift */,
				FB6FEC441F0321D500DA359C /* Views */,
				FB6FEBF01EFD9FDB00DA359C /* View Controllers */,
				FB6FEC061F01846500DA359C /* Services */,
				FB6FEC011F00BD3E00DA359C /* Models */,
				FB6FEBF11EFD9FE800DA359C /* Storyboards */,
				FBF628681EFD98040010DCBC /* Assets.xcassets */,
				FB6FEC141F02405000DA359C /* Helpers */,
				FB6FEBF41EFDA1C100DA359C /* Supporting Files */,
				FB6FEC0B1F01B59D00DA359C /* Extensions */,
			);
			path = Makestagram;
			sourceTree = "<group>";
		};
/* End PBXGroup section */

/* Begin PBXNativeTarget section */
		FBF6285D1EFD98040010DCBC /* Makestagram */ = {
			isa = PBXNativeTarget;
			buildConfigurationList = FBF628701EFD98040010DCBC /* Build configuration list for PBXNativeTarget "Makestagram" */;
			buildPhases = (
				DFDE1880FDECF1A5BF59FA92 /* [CP] Check Pods Manifest.lock */,
				FBF6285A1EFD98040010DCBC /* Sources */,
				FBF6285B1EFD98040010DCBC /* Frameworks */,
				FBF6285C1EFD98040010DCBC /* Resources */,
				798F8BAB85F23FE56272EFB4 /* [CP] Embed Pods Frameworks */,
				AC130C00FD437CBA52625252 /* [CP] Copy Pods Resources */,
			);
			buildRules = (
			);
			dependencies = (
			);
			name = Makestagram;
			productName = Makestagram;
			productReference = FBF6285E1EFD98040010DCBC /* Makestagram.app */;
			productType = "com.apple.product-type.application";
		};
/* End PBXNativeTarget section */

/* Begin PBXProject section */
		FBF628561EFD98040010DCBC /* Project object */ = {
			isa = PBXProject;
			attributes = {
				LastSwiftUpdateCheck = 0830;
				LastUpgradeCheck = 0830;
				ORGANIZATIONNAME = "Shannon Ding";
				TargetAttributes = {
					FBF6285D1EFD98040010DCBC = {
						CreatedOnToolsVersion = 8.3.3;
						ProvisioningStyle = Automatic;
					};
				};
			};
			buildConfigurationList = FBF628591EFD98040010DCBC /* Build configuration list for PBXProject "Makestagram" */;
			compatibilityVersion = "Xcode 3.2";
			developmentRegion = English;
			hasScannedForEncodings = 0;
			knownRegions = (
				en,
				Base,
			);
			mainGroup = FBF628551EFD98040010DCBC;
			productRefGroup = FBF6285F1EFD98040010DCBC /* Products */;
			projectDirPath = "";
			projectRoot = "";
			targets = (
				FBF6285D1EFD98040010DCBC /* Makestagram */,
			);
		};
/* End PBXProject section */

/* Begin PBXResourcesBuildPhase section */
		FBF6285C1EFD98040010DCBC /* Resources */ = {
			isa = PBXResourcesBuildPhase;
			buildActionMask = 2147483647;
			files = (
				FBF6286C1EFD98040010DCBC /* LaunchScreen.storyboard in Resources */,
				FB6FEBF31EFDA1B100DA359C /* GoogleService-Info.plist in Resources */,
				FBF628691EFD98040010DCBC /* Assets.xcassets in Resources */,
				FB6FEC411F02F69400DA359C /* Home.storyboard in Resources */,
				FB6FEBF61EFDD9FD00DA359C /* Login.storyboard in Resources */,
				FBF628671EFD98040010DCBC /* Main.storyboard in Resources */,
			);
			runOnlyForDeploymentPostprocessing = 0;
		};
/* End PBXResourcesBuildPhase section */

/* Begin PBXShellScriptBuildPhase section */
		798F8BAB85F23FE56272EFB4 /* [CP] Embed Pods Frameworks */ = {
			isa = PBXShellScriptBuildPhase;
			buildActionMask = 2147483647;
			files = (
			);
			inputPaths = (
			);
			name = "[CP] Embed Pods Frameworks";
			outputPaths = (
			);
			runOnlyForDeploymentPostprocessing = 0;
			shellPath = /bin/sh;
			shellScript = "\"${SRCROOT}/Pods/Target Support Files/Pods-Makestagram/Pods-Makestagram-frameworks.sh\"\n";
			showEnvVarsInLog = 0;
		};
		AC130C00FD437CBA52625252 /* [CP] Copy Pods Resources */ = {
			isa = PBXShellScriptBuildPhase;
			buildActionMask = 2147483647;
			files = (
			);
			inputPaths = (
			);
			name = "[CP] Copy Pods Resources";
			outputPaths = (
			);
			runOnlyForDeploymentPostprocessing = 0;
			shellPath = /bin/sh;
			shellScript = "\"${SRCROOT}/Pods/Target Support Files/Pods-Makestagram/Pods-Makestagram-resources.sh\"\n";
			showEnvVarsInLog = 0;
		};
		DFDE1880FDECF1A5BF59FA92 /* [CP] Check Pods Manifest.lock */ = {
			isa = PBXShellScriptBuildPhase;
			buildActionMask = 2147483647;
			files = (
			);
			inputPaths = (
			);
			name = "[CP] Check Pods Manifest.lock";
			outputPaths = (
			);
			runOnlyForDeploymentPostprocessing = 0;
			shellPath = /bin/sh;
			shellScript = "diff \"${PODS_PODFILE_DIR_PATH}/Podfile.lock\" \"${PODS_ROOT}/Manifest.lock\" > /dev/null\nif [ $? != 0 ] ; then\n    # print error to STDERR\n    echo \"error: The sandbox is not in sync with the Podfile.lock. Run 'pod install' or update your CocoaPods installation.\" >&2\n    exit 1\nfi\n";
			showEnvVarsInLog = 0;
		};
/* End PBXShellScriptBuildPhase section */

/* Begin PBXSourcesBuildPhase section */
		FBF6285A1EFD98040010DCBC /* Sources */ = {
			isa = PBXSourcesBuildPhase;
			buildActionMask = 2147483647;
			files = (
				FB6FEC001F00BD3800DA359C /* User.swift in Sources */,
				FB6FEC181F02BE9300DA359C /* StorageService.swift in Sources */,
				FB6FEBFE1F00450B00DA359C /* LoginViewController.swift in Sources */,
				FB6FEC111F01D34F00DA359C /* MainTabBarController.swift in Sources */,
				FB6FEC051F01837500DA359C /* UserService.swift in Sources */,
				FB6FEC3A1F02DA2100DA359C /* Post.swift in Sources */,
				FB6FEC431F0321CD00DA359C /* PostImageCell.swift in Sources */,
				FB6FEC3C1F02E08400DA359C /* UIImage+Size.swift in Sources */,
				FB6FEC0D1F01C49D00DA359C /* HomeViewController.swift in Sources */,
				FB6FEC161F02410200DA359C /* MGPhotoHelper.swift in Sources */,
				FB6FEC0A1F01B59300DA359C /* Storyboard+Utility.swift in Sources */,
				FB6FEC0F1F01C4AE00DA359C /* FindFriendsViewController.swift in Sources */,
				FB6FEC3E1F02E34400DA359C /* StorageReference+Post.swift in Sources */,
				FB6FEC081F01AB2000DA359C /* Constants.swift in Sources */,
				FB6FEC381F02D27200DA359C /* PostService.swift in Sources */,
				FB6FEC031F01667900DA359C /* CreateUsernameViewController.swift in Sources */,
				FBF628621EFD98040010DCBC /* AppDelegate.swift in Sources */,
			);
			runOnlyForDeploymentPostprocessing = 0;
		};
/* End PBXSourcesBuildPhase section */

/* Begin PBXVariantGroup section */
		FB6FEC3F1F02F69400DA359C /* Home.storyboard */ = {
			isa = PBXVariantGroup;
			children = (
				FB6FEC401F02F69400DA359C /* Base */,
			);
			name = Home.storyboard;
			sourceTree = "<group>";
		};
		FBF628651EFD98040010DCBC /* Main.storyboard */ = {
			isa = PBXVariantGroup;
			children = (
				FBF628661EFD98040010DCBC /* Base */,
			);
			name = Main.storyboard;
			sourceTree = "<group>";
		};
		FBF6286A1EFD98040010DCBC /* LaunchScreen.storyboard */ = {
			isa = PBXVariantGroup;
			children = (
				FBF6286B1EFD98040010DCBC /* Base */,
			);
			name = LaunchScreen.storyboard;
			sourceTree = "<group>";
		};
/* End PBXVariantGroup section */

/* Begin XCBuildConfiguration section */
		FBF6286E1EFD98040010DCBC /* Debug */ = {
			isa = XCBuildConfiguration;
			buildSettings = {
				ALWAYS_SEARCH_USER_PATHS = NO;
				CLANG_ANALYZER_NONNULL = YES;
				CLANG_ANALYZER_NUMBER_OBJECT_CONVERSION = YES_AGGRESSIVE;
				CLANG_CXX_LANGUAGE_STANDARD = "gnu++0x";
				CLANG_CXX_LIBRARY = "libc++";
				CLANG_ENABLE_MODULES = YES;
				CLANG_ENABLE_OBJC_ARC = YES;
				CLANG_WARN_BOOL_CONVERSION = YES;
				CLANG_WARN_CONSTANT_CONVERSION = YES;
				CLANG_WARN_DIRECT_OBJC_ISA_USAGE = YES_ERROR;
				CLANG_WARN_DOCUMENTATION_COMMENTS = YES;
				CLANG_WARN_EMPTY_BODY = YES;
				CLANG_WARN_ENUM_CONVERSION = YES;
				CLANG_WARN_INFINITE_RECURSION = YES;
				CLANG_WARN_INT_CONVERSION = YES;
				CLANG_WARN_OBJC_ROOT_CLASS = YES_ERROR;
				CLANG_WARN_SUSPICIOUS_MOVE = YES;
				CLANG_WARN_UNREACHABLE_CODE = YES;
				CLANG_WARN__DUPLICATE_METHOD_MATCH = YES;
				"CODE_SIGN_IDENTITY[sdk=iphoneos*]" = "iPhone Developer";
				COPY_PHASE_STRIP = NO;
				DEBUG_INFORMATION_FORMAT = dwarf;
				ENABLE_STRICT_OBJC_MSGSEND = YES;
				ENABLE_TESTABILITY = YES;
				GCC_C_LANGUAGE_STANDARD = gnu99;
				GCC_DYNAMIC_NO_PIC = NO;
				GCC_NO_COMMON_BLOCKS = YES;
				GCC_OPTIMIZATION_LEVEL = 0;
				GCC_PREPROCESSOR_DEFINITIONS = (
					"DEBUG=1",
					"$(inherited)",
				);
				GCC_WARN_64_TO_32_BIT_CONVERSION = YES;
				GCC_WARN_ABOUT_RETURN_TYPE = YES_ERROR;
				GCC_WARN_UNDECLARED_SELECTOR = YES;
				GCC_WARN_UNINITIALIZED_AUTOS = YES_AGGRESSIVE;
				GCC_WARN_UNUSED_FUNCTION = YES;
				GCC_WARN_UNUSED_VARIABLE = YES;
				IPHONEOS_DEPLOYMENT_TARGET = 10.3;
				MTL_ENABLE_DEBUG_INFO = YES;
				ONLY_ACTIVE_ARCH = YES;
				SDKROOT = iphoneos;
				SWIFT_ACTIVE_COMPILATION_CONDITIONS = DEBUG;
				SWIFT_OPTIMIZATION_LEVEL = "-Onone";
			};
			name = Debug;
		};
		FBF6286F1EFD98040010DCBC /* Release */ = {
			isa = XCBuildConfiguration;
			buildSettings = {
				ALWAYS_SEARCH_USER_PATHS = NO;
				CLANG_ANALYZER_NONNULL = YES;
				CLANG_ANALYZER_NUMBER_OBJECT_CONVERSION = YES_AGGRESSIVE;
				CLANG_CXX_LANGUAGE_STANDARD = "gnu++0x";
				CLANG_CXX_LIBRARY = "libc++";
				CLANG_ENABLE_MODULES = YES;
				CLANG_ENABLE_OBJC_ARC = YES;
				CLANG_WARN_BOOL_CONVERSION = YES;
				CLANG_WARN_CONSTANT_CONVERSION = YES;
				CLANG_WARN_DIRECT_OBJC_ISA_USAGE = YES_ERROR;
				CLANG_WARN_DOCUMENTATION_COMMENTS = YES;
				CLANG_WARN_EMPTY_BODY = YES;
				CLANG_WARN_ENUM_CONVERSION = YES;
				CLANG_WARN_INFINITE_RECURSION = YES;
				CLANG_WARN_INT_CONVERSION = YES;
				CLANG_WARN_OBJC_ROOT_CLASS = YES_ERROR;
				CLANG_WARN_SUSPICIOUS_MOVE = YES;
				CLANG_WARN_UNREACHABLE_CODE = YES;
				CLANG_WARN__DUPLICATE_METHOD_MATCH = YES;
				"CODE_SIGN_IDENTITY[sdk=iphoneos*]" = "iPhone Developer";
				COPY_PHASE_STRIP = NO;
				DEBUG_INFORMATION_FORMAT = "dwarf-with-dsym";
				ENABLE_NS_ASSERTIONS = NO;
				ENABLE_STRICT_OBJC_MSGSEND = YES;
				GCC_C_LANGUAGE_STANDARD = gnu99;
				GCC_NO_COMMON_BLOCKS = YES;
				GCC_WARN_64_TO_32_BIT_CONVERSION = YES;
				GCC_WARN_ABOUT_RETURN_TYPE = YES_ERROR;
				GCC_WARN_UNDECLARED_SELECTOR = YES;
				GCC_WARN_UNINITIALIZED_AUTOS = YES_AGGRESSIVE;
				GCC_WARN_UNUSED_FUNCTION = YES;
				GCC_WARN_UNUSED_VARIABLE = YES;
				IPHONEOS_DEPLOYMENT_TARGET = 10.3;
				MTL_ENABLE_DEBUG_INFO = NO;
				SDKROOT = iphoneos;
				SWIFT_OPTIMIZATION_LEVEL = "-Owholemodule";
				VALIDATE_PRODUCT = YES;
			};
			name = Release;
		};
		FBF628711EFD98040010DCBC /* Debug */ = {
			isa = XCBuildConfiguration;
			baseConfigurationReference = 9D8CD6DE65E9A86DA7CEFC53 /* Pods-Makestagram.debug.xcconfig */;
			buildSettings = {
				ASSETCATALOG_COMPILER_APPICON_NAME = AppIcon;
				INFOPLIST_FILE = Makestagram/Info.plist;
				LD_RUNPATH_SEARCH_PATHS = "$(inherited) @executable_path/Frameworks";
				PRODUCT_BUNDLE_IDENTIFIER = com.makeschool.Makestagram;
				PRODUCT_NAME = "$(TARGET_NAME)";
				SWIFT_VERSION = 3.0;
			};
			name = Debug;
		};
		FBF628721EFD98040010DCBC /* Release */ = {
			isa = XCBuildConfiguration;
			baseConfigurationReference = EF79C6640382B59545D7499D /* Pods-Makestagram.release.xcconfig */;
			buildSettings = {
				ASSETCATALOG_COMPILER_APPICON_NAME = AppIcon;
				INFOPLIST_FILE = Makestagram/Info.plist;
				LD_RUNPATH_SEARCH_PATHS = "$(inherited) @executable_path/Frameworks";
				PRODUCT_BUNDLE_IDENTIFIER = com.makeschool.Makestagram;
				PRODUCT_NAME = "$(TARGET_NAME)";
				SWIFT_VERSION = 3.0;
			};
			name = Release;
		};
/* End XCBuildConfiguration section */

/* Begin XCConfigurationList section */
		FBF628591EFD98040010DCBC /* Build configuration list for PBXProject "Makestagram" */ = {
			isa = XCConfigurationList;
			buildConfigurations = (
				FBF6286E1EFD98040010DCBC /* Debug */,
				FBF6286F1EFD98040010DCBC /* Release */,
			);
			defaultConfigurationIsVisible = 0;
			defaultConfigurationName = Release;
		};
		FBF628701EFD98040010DCBC /* Build configuration list for PBXNativeTarget "Makestagram" */ = {
			isa = XCConfigurationList;
			buildConfigurations = (
				FBF628711EFD98040010DCBC /* Debug */,
				FBF628721EFD98040010DCBC /* Release */,
			);
			defaultConfigurationIsVisible = 0;
			defaultConfigurationName = Release;
		};
/* End XCConfigurationList section */
	};
	rootObject = FBF628561EFD98040010DCBC /* Project object */;
}
